
Microsoft Visual Studio Solution File, Format Version 12.00
# Visual Studio Version 17
VisualStudioVersion = 17.4.33122.133
MinimumVisualStudioVersion = 10.0.40219.1
Project("{9A19103F-16F7-4668-BE54-9A1E7A4F7556}") = "QuizzCapitales", "QuizzCapitales\QuizzCapitales.csproj", "{59BE4168-287F-4820-94E4-D4044689E911}"
EndProject
Project("{9A19103F-16F7-4668-BE54-9A1E7A4F7556}") = "RelevésMétéo", "RelevésMétéo\RelevésMétéo.csproj", "{EA6858CC-767F-41F7-A88D-AA3646A2E901}"
EndProject
Project("{9A19103F-16F7-4668-BE54-9A1E7A4F7556}") = "CalendrierPerpetuel", "CalendrierPerpetuel\CalendrierPerpetuel.csproj", "{08287C49-FCE3-48E2-8AFD-3BBA3EB404DF}"
EndProject
Project("{9A19103F-16F7-4668-BE54-9A1E7A4F7556}") = "Concours", "Concours\Concours.csproj", "{7854B2AB-BCF7-4FA2-B328-3DC889BF9D32}"
EndProject
Project("{9A19103F-16F7-4668-BE54-9A1E7A4F7556}") = "Boites", "Boites\Boites.csproj", "{01ADDA6E-79AA-440F-9366-1C74E747B985}"
EndProject
Project("{9A19103F-16F7-4668-BE54-9A1E7A4F7556}") = "ModelesDocs", "ModelesDocs\ModelesDocs.csproj", "{92B74810-2F80-4F4A-B271-F90064498766}"
EndProject
Project("{9A19103F-16F7-4668-BE54-9A1E7A4F7556}") = "Debogage", "Debogage\Debogage.csproj", "{BF2AB8D5-1BAB-4596-BFF3-B4D460131E5A}"
EndProject
Project("{9A19103F-16F7-4668-BE54-9A1E7A4F7556}") = "Boites_Tests", "Boites_Tests\Boites_Tests.csproj", "{E5F1EC36-C94F-4457-B2FD-B95BD4953665}"
EndProject
Project("{9A19103F-16F7-4668-BE54-9A1E7A4F7556}") = "DistributeurBoissons", "DistributeurBoissons\DistributeurBoissons.csproj", "{B552CB1A-0470-40D0-8320-45AAD7CDA16F}"
EndProject
Project("{9A19103F-16F7-4668-BE54-9A1E7A4F7556}") = "DistributeurBoissons_Tests", "DistributeurBoissons_Tests\DistributeurBoissons_Tests.csproj", "{A4020581-E58C-42A6-AF4F-AFB60CC74877}"
EndProject
Project("{9A19103F-16F7-4668-BE54-9A1E7A4F7556}") = "Facturation", "Facturation\Facturation.csproj", "{FF893828-BDA5-4709-BF27-EFFCC1CC3085}"
EndProject
Project("{9A19103F-16F7-4668-BE54-9A1E7A4F7556}") = "Services", "Services\Services.csproj", "{29E23CAA-F5BF-4F76-9E4A-BFAB15C742B4}"
EndProject
Global
	GlobalSection(SolutionConfigurationPlatforms) = preSolution
		Debug|Any CPU = Debug|Any CPU
		Release|Any CPU = Release|Any CPU
	EndGlobalSection
	GlobalSection(ProjectConfigurationPlatforms) = postSolution
		{59BE4168-287F-4820-94E4-D4044689E911}.Debug|Any CPU.ActiveCfg = Debug|Any CPU
		{59BE4168-287F-4820-94E4-D4044689E911}.Debug|Any CPU.Build.0 = Debug|Any CPU
		{59BE4168-287F-4820-94E4-D4044689E911}.Release|Any CPU.ActiveCfg = Release|Any CPU
		{59BE4168-287F-4820-94E4-D4044689E911}.Release|Any CPU.Build.0 = Release|Any CPU
		{EA6858CC-767F-41F7-A88D-AA3646A2E901}.Debug|Any CPU.ActiveCfg = Debug|Any CPU
		{EA6858CC-767F-41F7-A88D-AA3646A2E901}.Debug|Any CPU.Build.0 = Debug|Any CPU
		{EA6858CC-767F-41F7-A88D-AA3646A2E901}.Release|Any CPU.ActiveCfg = Release|Any CPU
		{EA6858CC-767F-41F7-A88D-AA3646A2E901}.Release|Any CPU.Build.0 = Release|Any CPU
		{08287C49-FCE3-48E2-8AFD-3BBA3EB404DF}.Debug|Any CPU.ActiveCfg = Debug|Any CPU
		{08287C49-FCE3-48E2-8AFD-3BBA3EB404DF}.Debug|Any CPU.Build.0 = Debug|Any CPU
		{08287C49-FCE3-48E2-8AFD-3BBA3EB404DF}.Release|Any CPU.ActiveCfg = Release|Any CPU
		{08287C49-FCE3-48E2-8AFD-3BBA3EB404DF}.Release|Any CPU.Build.0 = Release|Any CPU
		{7854B2AB-BCF7-4FA2-B328-3DC889BF9D32}.Debug|Any CPU.ActiveCfg = Debug|Any CPU
		{7854B2AB-BCF7-4FA2-B328-3DC889BF9D32}.Debug|Any CPU.Build.0 = Debug|Any CPU
		{7854B2AB-BCF7-4FA2-B328-3DC889BF9D32}.Release|Any CPU.ActiveCfg = Release|Any CPU
		{7854B2AB-BCF7-4FA2-B328-3DC889BF9D32}.Release|Any CPU.Build.0 = Release|Any CPU
		{01ADDA6E-79AA-440F-9366-1C74E747B985}.Debug|Any CPU.ActiveCfg = Debug|Any CPU
		{01ADDA6E-79AA-440F-9366-1C74E747B985}.Debug|Any CPU.Build.0 = Debug|Any CPU
		{01ADDA6E-79AA-440F-9366-1C74E747B985}.Release|Any CPU.ActiveCfg = Release|Any CPU
		{01ADDA6E-79AA-440F-9366-1C74E747B985}.Release|Any CPU.Build.0 = Release|Any CPU
		{92B74810-2F80-4F4A-B271-F90064498766}.Debug|Any CPU.ActiveCfg = Debug|Any CPU
		{92B74810-2F80-4F4A-B271-F90064498766}.Debug|Any CPU.Build.0 = Debug|Any CPU
		{92B74810-2F80-4F4A-B271-F90064498766}.Release|Any CPU.ActiveCfg = Release|Any CPU
		{92B74810-2F80-4F4A-B271-F90064498766}.Release|Any CPU.Build.0 = Release|Any CPU
		{BF2AB8D5-1BAB-4596-BFF3-B4D460131E5A}.Debug|Any CPU.ActiveCfg = Debug|Any CPU
		{BF2AB8D5-1BAB-4596-BFF3-B4D460131E5A}.Debug|Any CPU.Build.0 = Debug|Any CPU
		{BF2AB8D5-1BAB-4596-BFF3-B4D460131E5A}.Release|Any CPU.ActiveCfg = Release|Any CPU
		{BF2AB8D5-1BAB-4596-BFF3-B4D460131E5A}.Release|Any CPU.Build.0 = Release|Any CPU
		{E5F1EC36-C94F-4457-B2FD-B95BD4953665}.Debug|Any CPU.ActiveCfg = Debug|Any CPU
		{E5F1EC36-C94F-4457-B2FD-B95BD4953665}.Debug|Any CPU.Build.0 = Debug|Any CPU
		{E5F1EC36-C94F-4457-B2FD-B95BD4953665}.Release|Any CPU.ActiveCfg = Release|Any CPU
		{E5F1EC36-C94F-4457-B2FD-B95BD4953665}.Release|Any CPU.Build.0 = Release|Any CPU
		{B552CB1A-0470-40D0-8320-45AAD7CDA16F}.Debug|Any CPU.ActiveCfg = Debug|Any CPU
		{B552CB1A-0470-40D0-8320-45AAD7CDA16F}.Debug|Any CPU.Build.0 = Debug|Any CPU
		{B552CB1A-0470-40D0-8320-45AAD7CDA16F}.Release|Any CPU.ActiveCfg = Release|Any CPU
		{B552CB1A-0470-40D0-8320-45AAD7CDA16F}.Release|Any CPU.Build.0 = Release|Any CPU
		{A4020581-E58C-42A6-AF4F-AFB60CC74877}.Debug|Any CPU.ActiveCfg = Debug|Any CPU
		{A4020581-E58C-42A6-AF4F-AFB60CC74877}.Debug|Any CPU.Build.0 = Debug|Any CPU
		{A4020581-E58C-42A6-AF4F-AFB60CC74877}.Release|Any CPU.ActiveCfg = Release|Any CPU
		{A4020581-E58C-42A6-AF4F-AFB60CC74877}.Release|Any CPU.Build.0 = Release|Any CPU
		{FF893828-BDA5-4709-BF27-EFFCC1CC3085}.Debug|Any CPU.ActiveCfg = Debug|Any CPU
		{FF893828-BDA5-4709-BF27-EFFCC1CC3085}.Debug|Any CPU.Build.0 = Debug|Any CPU
		{FF893828-BDA5-4709-BF27-EFFCC1CC3085}.Release|Any CPU.ActiveCfg = Release|Any CPU
		{FF893828-BDA5-4709-BF27-EFFCC1CC3085}.Release|Any CPU.Build.0 = Release|Any CPU
		{29E23CAA-F5BF-4F76-9E4A-BFAB15C742B4}.Debug|Any CPU.ActiveCfg = Debug|Any CPU
		{29E23CAA-F5BF-4F76-9E4A-BFAB15C742B4}.Debug|Any CPU.Build.0 = Debug|Any CPU
		{29E23CAA-F5BF-4F76-9E4A-BFAB15C742B4}.Release|Any CPU.ActiveCfg = Release|Any CPU
		{29E23CAA-F5BF-4F76-9E4A-BFAB15C742B4}.Release|Any CPU.Build.0 = Release|Any CPU
	EndGlobalSection
	GlobalSection(SolutionProperties) = preSolution
		HideSolutionNode = FALSE
	EndGlobalSection
	GlobalSection(ExtensibilityGlobals) = postSolution
		SolutionGuid = {4E0F95CD-32D0-4F23-8B81-7543E1D7AD23}
	EndGlobalSection
EndGlobal
